
Microsoft Visual Studio Solution File, Format Version 12.00
# Visual Studio Version 16
VisualStudioVersion = 16.0.30204.135
MinimumVisualStudioVersion = 10.0.40219.1
Project("{9A19103F-16F7-4668-BE54-9A1E7A4F7556}") = "Arcus.WebApi.Health.AzureFunctions", "Arcus.WebApi.Health.AzureFunctions\Arcus.WebApi.Health.AzureFunctions.csproj", "{3031CB4F-AD17-4E19-825D-BBD2CB941C5D}"
EndProject
Global
	GlobalSection(SolutionConfigurationPlatforms) = preSolution
		Debug|Any CPU = Debug|Any CPU
		Release|Any CPU = Release|Any CPU
	EndGlobalSection
	GlobalSection(ProjectConfigurationPlatforms) = postSolution
		{3031CB4F-AD17-4E19-825D-BBD2CB941C5D}.Debug|Any CPU.ActiveCfg = Debug|Any CPU
		{3031CB4F-AD17-4E19-825D-BBD2CB941C5D}.Debug|Any CPU.Build.0 = Debug|Any CPU
		{3031CB4F-AD17-4E19-825D-BBD2CB941C5D}.Release|Any CPU.ActiveCfg = Release|Any CPU
		{3031CB4F-AD17-4E19-825D-BBD2CB941C5D}.Release|Any CPU.Build.0 = Release|Any CPU
		{43C1BA38-9E0E-4963-B334-DFBB512E4B0C}.Debug|Any CPU.ActiveCfg = Debug|Any CPU
		{43C1BA38-9E0E-4963-B334-DFBB512E4B0C}.Debug|Any CPU.Build.0 = Debug|Any CPU
		{43C1BA38-9E0E-4963-B334-DFBB512E4B0C}.Release|Any CPU.ActiveCfg = Release|Any CPU
		{43C1BA38-9E0E-4963-B334-DFBB512E4B0C}.Release|Any CPU.Build.0 = Release|Any CPU
	EndGlobalSection
	GlobalSection(SolutionProperties) = preSolution
		HideSolutionNode = FALSE
	EndGlobalSection
	GlobalSection(NestedProjects) = preSolution
		{3031CB4F-AD17-4E19-825D-BBD2CB941C5D} = {A7422A39-DBB4-4E28-8785-CF52E51E00A5}
		{43C1BA38-9E0E-4963-B334-DFBB512E4B0C} = {91BEAED9-087E-40A5-9B1D-F3CFCF210DD3}
	EndGlobalSection
	GlobalSection(ExtensibilityGlobals) = postSolution
		SolutionGuid = {9042270F-CD78-4717-BEF0-BEA3F1C5939D}
	EndGlobalSection
EndGlobal
